// !$*UTF8*$!
{
	archiveVersion = 1;
	classes = {
	};
	objectVersion = 50;
	objects = {

/* Begin PBXBuildFile section */
		FA9EF8DB2572BBFE00C5F857 /* AppDelegate.swift in Sources */ = {isa = PBXBuildFile; fileRef = FA9EF8DA2572BBFE00C5F857 /* AppDelegate.swift */; };
		FA9EF8DD2572BBFE00C5F857 /* SceneDelegate.swift in Sources */ = {isa = PBXBuildFile; fileRef = FA9EF8DC2572BBFE00C5F857 /* SceneDelegate.swift */; };
		FA9EF8E22572BBFE00C5F857 /* Main.storyboard in Resources */ = {isa = PBXBuildFile; fileRef = FA9EF8E02572BBFE00C5F857 /* Main.storyboard */; };
		FA9EF8E42572BBFF00C5F857 /* Assets.xcassets in Resources */ = {isa = PBXBuildFile; fileRef = FA9EF8E32572BBFF00C5F857 /* Assets.xcassets */; };
		FA9EF8E72572BBFF00C5F857 /* LaunchScreen.storyboard in Resources */ = {isa = PBXBuildFile; fileRef = FA9EF8E52572BBFF00C5F857 /* LaunchScreen.storyboard */; };
		FA9EF9072572C75A00C5F857 /* SplashVC.swift in Sources */ = {isa = PBXBuildFile; fileRef = FA9EF9062572C75900C5F857 /* SplashVC.swift */; };
		FA9EF90A2572C83500C5F857 /* TabBarVC.swift in Sources */ = {isa = PBXBuildFile; fileRef = FA9EF9092572C83500C5F857 /* TabBarVC.swift */; };
		FA9EF90D2572C90300C5F857 /* SettingsVC.swift in Sources */ = {isa = PBXBuildFile; fileRef = FA9EF90C2572C90300C5F857 /* SettingsVC.swift */; };
		FA9EF9102572C96800C5F857 /* UIExtensions.swift in Sources */ = {isa = PBXBuildFile; fileRef = FA9EF90F2572C96800C5F857 /* UIExtensions.swift */; };
		FA9EF9132572CE1F00C5F857 /* RidesVC.swift in Sources */ = {isa = PBXBuildFile; fileRef = FA9EF9122572CE1F00C5F857 /* RidesVC.swift */; };
		FA9EF9162572D35F00C5F857 /* PreferencesVC.swift in Sources */ = {isa = PBXBuildFile; fileRef = FA9EF9152572D35F00C5F857 /* PreferencesVC.swift */; };
/* End PBXBuildFile section */

/* Begin PBXFileReference section */
		FA9EF8D72572BBFE00C5F857 /* Carpooling.app */ = {isa = PBXFileReference; explicitFileType = wrapper.application; includeInIndex = 0; path = Carpooling.app; sourceTree = BUILT_PRODUCTS_DIR; };
		FA9EF8DA2572BBFE00C5F857 /* AppDelegate.swift */ = {isa = PBXFileReference; lastKnownFileType = sourcecode.swift; path = AppDelegate.swift; sourceTree = "<group>"; };
		FA9EF8DC2572BBFE00C5F857 /* SceneDelegate.swift */ = {isa = PBXFileReference; lastKnownFileType = sourcecode.swift; path = SceneDelegate.swift; sourceTree = "<group>"; };
		FA9EF8E12572BBFE00C5F857 /* Base */ = {isa = PBXFileReference; lastKnownFileType = file.storyboard; name = Base; path = Base.lproj/Main.storyboard; sourceTree = "<group>"; };
		FA9EF8E32572BBFF00C5F857 /* Assets.xcassets */ = {isa = PBXFileReference; lastKnownFileType = folder.assetcatalog; path = Assets.xcassets; sourceTree = "<group>"; };
		FA9EF8E62572BBFF00C5F857 /* Base */ = {isa = PBXFileReference; lastKnownFileType = file.storyboard; name = Base; path = Base.lproj/LaunchScreen.storyboard; sourceTree = "<group>"; };
		FA9EF8E82572BBFF00C5F857 /* Info.plist */ = {isa = PBXFileReference; lastKnownFileType = text.plist.xml; path = Info.plist; sourceTree = "<group>"; };
		FA9EF9062572C75900C5F857 /* SplashVC.swift */ = {isa = PBXFileReference; lastKnownFileType = sourcecode.swift; path = SplashVC.swift; sourceTree = "<group>"; };
		FA9EF9092572C83500C5F857 /* TabBarVC.swift */ = {isa = PBXFileReference; lastKnownFileType = sourcecode.swift; path = TabBarVC.swift; sourceTree = "<group>"; };
		FA9EF90C2572C90300C5F857 /* SettingsVC.swift */ = {isa = PBXFileReference; lastKnownFileType = sourcecode.swift; path = SettingsVC.swift; sourceTree = "<group>"; };
		FA9EF90F2572C96800C5F857 /* UIExtensions.swift */ = {isa = PBXFileReference; lastKnownFileType = sourcecode.swift; path = UIExtensions.swift; sourceTree = "<group>"; };
		FA9EF9122572CE1F00C5F857 /* RidesVC.swift */ = {isa = PBXFileReference; lastKnownFileType = sourcecode.swift; path = RidesVC.swift; sourceTree = "<group>"; };
		FA9EF9152572D35F00C5F857 /* PreferencesVC.swift */ = {isa = PBXFileReference; lastKnownFileType = sourcecode.swift; path = PreferencesVC.swift; sourceTree = "<group>"; };
/* End PBXFileReference section */

/* Begin PBXFrameworksBuildPhase section */
		FA9EF8D42572BBFE00C5F857 /* Frameworks */ = {
			isa = PBXFrameworksBuildPhase;
			buildActionMask = 2147483647;
			files = (
			);
			runOnlyForDeploymentPostprocessing = 0;
		};
/* End PBXFrameworksBuildPhase section */

/* Begin PBXGroup section */
		FA9EF8CE2572BBFE00C5F857 = {
			isa = PBXGroup;
			children = (
				FA9EF8D92572BBFE00C5F857 /* Carpooling */,
				FA9EF8D82572BBFE00C5F857 /* Products */,
			);
			sourceTree = "<group>";
		};
		FA9EF8D82572BBFE00C5F857 /* Products */ = {
			isa = PBXGroup;
			children = (
				FA9EF8D72572BBFE00C5F857 /* Carpooling.app */,
			);
			name = Products;
			sourceTree = "<group>";
		};
		FA9EF8D92572BBFE00C5F857 /* Carpooling */ = {
			isa = PBXGroup;
			children = (
				FA9EF9002572BC7900C5F857 /* Model */,
				FA9EF9012572BC7F00C5F857 /* View */,
				FA9EF9022572BC8500C5F857 /* Controller */,
				FA9EF8EF2572BC1200C5F857 /* StoryBoard */,
				FA9EF9032572BC9900C5F857 /* Helper */,
				FA9EF8DA2572BBFE00C5F857 /* AppDelegate.swift */,
				FA9EF8DC2572BBFE00C5F857 /* SceneDelegate.swift */,
				FA9EF8E32572BBFF00C5F857 /* Assets.xcassets */,
				FA9EF8E82572BBFF00C5F857 /* Info.plist */,
			);
			path = Carpooling;
			sourceTree = "<group>";
		};
		FA9EF8EF2572BC1200C5F857 /* StoryBoard */ = {
			isa = PBXGroup;
			children = (
				FA9EF8E52572BBFF00C5F857 /* LaunchScreen.storyboard */,
				FA9EF8E02572BBFE00C5F857 /* Main.storyboard */,
			);
			path = StoryBoard;
			sourceTree = "<group>";
		};
		FA9EF9002572BC7900C5F857 /* Model */ = {
			isa = PBXGroup;
			children = (
			);
			path = Model;
			sourceTree = "<group>";
		};
		FA9EF9012572BC7F00C5F857 /* View */ = {
			isa = PBXGroup;
			children = (
			);
			path = View;
			sourceTree = "<group>";
		};
		FA9EF9022572BC8500C5F857 /* Controller */ = {
			isa = PBXGroup;
			children = (
				FA9EF9062572C75900C5F857 /* SplashVC.swift */,
				FA9EF9092572C83500C5F857 /* TabBarVC.swift */,
				FA9EF90C2572C90300C5F857 /* SettingsVC.swift */,
				FA9EF9122572CE1F00C5F857 /* RidesVC.swift */,
				FA9EF9152572D35F00C5F857 /* PreferencesVC.swift */,
			);
			path = Controller;
			sourceTree = "<group>";
		};
		FA9EF9032572BC9900C5F857 /* Helper */ = {
			isa = PBXGroup;
			children = (
				FA9EF90F2572C96800C5F857 /* UIExtensions.swift */,
			);
			path = Helper;
			sourceTree = "<group>";
		};
/* End PBXGroup section */

/* Begin PBXNativeTarget section */
		FA9EF8D62572BBFE00C5F857 /* Carpooling */ = {
			isa = PBXNativeTarget;
			buildConfigurationList = FA9EF8EB2572BBFF00C5F857 /* Build configuration list for PBXNativeTarget "Carpooling" */;
			buildPhases = (
				FA9EF8D32572BBFE00C5F857 /* Sources */,
				FA9EF8D42572BBFE00C5F857 /* Frameworks */,
				FA9EF8D52572BBFE00C5F857 /* Resources */,
			);
			buildRules = (
			);
			dependencies = (
			);
			name = Carpooling;
			productName = Carpooling;
			productReference = FA9EF8D72572BBFE00C5F857 /* Carpooling.app */;
			productType = "com.apple.product-type.application";
		};
/* End PBXNativeTarget section */

/* Begin PBXProject section */
		FA9EF8CF2572BBFE00C5F857 /* Project object */ = {
			isa = PBXProject;
			attributes = {
				LastSwiftUpdateCheck = 1200;
				LastUpgradeCheck = 1200;
				TargetAttributes = {
					FA9EF8D62572BBFE00C5F857 = {
						CreatedOnToolsVersion = 12.0.1;
					};
				};
			};
			buildConfigurationList = FA9EF8D22572BBFE00C5F857 /* Build configuration list for PBXProject "Carpooling" */;
			compatibilityVersion = "Xcode 9.3";
			developmentRegion = en;
			hasScannedForEncodings = 0;
			knownRegions = (
				en,
				Base,
			);
			mainGroup = FA9EF8CE2572BBFE00C5F857;
			productRefGroup = FA9EF8D82572BBFE00C5F857 /* Products */;
			projectDirPath = "";
			projectRoot = "";
			targets = (
				FA9EF8D62572BBFE00C5F857 /* Carpooling */,
			);
		};
/* End PBXProject section */

/* Begin PBXResourcesBuildPhase section */
		FA9EF8D52572BBFE00C5F857 /* Resources */ = {
			isa = PBXResourcesBuildPhase;
			buildActionMask = 2147483647;
			files = (
				FA9EF8E72572BBFF00C5F857 /* LaunchScreen.storyboard in Resources */,
				FA9EF8E42572BBFF00C5F857 /* Assets.xcassets in Resources */,
				FA9EF8E22572BBFE00C5F857 /* Main.storyboard in Resources */,
			);
			runOnlyForDeploymentPostprocessing = 0;
		};
/* End PBXResourcesBuildPhase section */

/* Begin PBXSourcesBuildPhase section */
		FA9EF8D32572BBFE00C5F857 /* Sources */ = {
			isa = PBXSourcesBuildPhase;
			buildActionMask = 2147483647;
			files = (
				FA9EF8DB2572BBFE00C5F857 /* AppDelegate.swift in Sources */,
				FA9EF9162572D35F00C5F857 /* PreferencesVC.swift in Sources */,
				FA9EF8DD2572BBFE00C5F857 /* SceneDelegate.swift in Sources */,
				FA9EF90A2572C83500C5F857 /* TabBarVC.swift in Sources */,
				FA9EF9102572C96800C5F857 /* UIExtensions.swift in Sources */,
				FA9EF9072572C75A00C5F857 /* SplashVC.swift in Sources */,
				FA9EF90D2572C90300C5F857 /* SettingsVC.swift in Sources */,
				FA9EF9132572CE1F00C5F857 /* RidesVC.swift in Sources */,
			);
			runOnlyForDeploymentPostprocessing = 0;
		};
/* End PBXSourcesBuildPhase section */

/* Begin PBXVariantGroup section */
		FA9EF8E02572BBFE00C5F857 /* Main.storyboard */ = {
			isa = PBXVariantGroup;
			children = (
				FA9EF8E12572BBFE00C5F857 /* Base */,
			);
			name = Main.storyboard;
			sourceTree = "<group>";
		};
		FA9EF8E52572BBFF00C5F857 /* LaunchScreen.storyboard */ = {
			isa = PBXVariantGroup;
			children = (
				FA9EF8E62572BBFF00C5F857 /* Base */,
			);
			name = LaunchScreen.storyboard;
			sourceTree = "<group>";
		};
/* End PBXVariantGroup section */

/* Begin XCBuildConfiguration section */
		FA9EF8E92572BBFF00C5F857 /* Debug */ = {
			isa = XCBuildConfiguration;
			buildSettings = {
				ALWAYS_SEARCH_USER_PATHS = NO;
				CLANG_ANALYZER_NONNULL = YES;
				CLANG_ANALYZER_NUMBER_OBJECT_CONVERSION = YES_AGGRESSIVE;
				CLANG_CXX_LANGUAGE_STANDARD = "gnu++14";
				CLANG_CXX_LIBRARY = "libc++";
				CLANG_ENABLE_MODULES = YES;
				CLANG_ENABLE_OBJC_ARC = YES;
				CLANG_ENABLE_OBJC_WEAK = YES;
				CLANG_WARN_BLOCK_CAPTURE_AUTORELEASING = YES;
				CLANG_WARN_BOOL_CONVERSION = YES;
				CLANG_WARN_COMMA = YES;
				CLANG_WARN_CONSTANT_CONVERSION = YES;
				CLANG_WARN_DEPRECATED_OBJC_IMPLEMENTATIONS = YES;
				CLANG_WARN_DIRECT_OBJC_ISA_USAGE = YES_ERROR;
				CLANG_WARN_DOCUMENTATION_COMMENTS = YES;
				CLANG_WARN_EMPTY_BODY = YES;
				CLANG_WARN_ENUM_CONVERSION = YES;
				CLANG_WARN_INFINITE_RECURSION = YES;
				CLANG_WARN_INT_CONVERSION = YES;
				CLANG_WARN_NON_LITERAL_NULL_CONVERSION = YES;
				CLANG_WARN_OBJC_IMPLICIT_RETAIN_SELF = YES;
				CLANG_WARN_OBJC_LITERAL_CONVERSION = YES;
				CLANG_WARN_OBJC_ROOT_CLASS = YES_ERROR;
				CLANG_WARN_QUOTED_INCLUDE_IN_FRAMEWORK_HEADER = YES;
				CLANG_WARN_RANGE_LOOP_ANALYSIS = YES;
				CLANG_WARN_STRICT_PROTOTYPES = YES;
				CLANG_WARN_SUSPICIOUS_MOVE = YES;
				CLANG_WARN_UNGUARDED_AVAILABILITY = YES_AGGRESSIVE;
				CLANG_WARN_UNREACHABLE_CODE = YES;
				CLANG_WARN__DUPLICATE_METHOD_MATCH = YES;
				COPY_PHASE_STRIP = NO;
				DEBUG_INFORMATION_FORMAT = dwarf;
				ENABLE_STRICT_OBJC_MSGSEND = YES;
				ENABLE_TESTABILITY = YES;
				GCC_C_LANGUAGE_STANDARD = gnu11;
				GCC_DYNAMIC_NO_PIC = NO;
				GCC_NO_COMMON_BLOCKS = YES;
				GCC_OPTIMIZATION_LEVEL = 0;
				GCC_PREPROCESSOR_DEFINITIONS = (
					"DEBUG=1",
					"$(inherited)",
				);
				GCC_WARN_64_TO_32_BIT_CONVERSION = YES;
				GCC_WARN_ABOUT_RETURN_TYPE = YES_ERROR;
				GCC_WARN_UNDECLARED_SELECTOR = YES;
				GCC_WARN_UNINITIALIZED_AUTOS = YES_AGGRESSIVE;
				GCC_WARN_UNUSED_FUNCTION = YES;
				GCC_WARN_UNUSED_VARIABLE = YES;
				IPHONEOS_DEPLOYMENT_TARGET = 14.0;
				MTL_ENABLE_DEBUG_INFO = INCLUDE_SOURCE;
				MTL_FAST_MATH = YES;
				ONLY_ACTIVE_ARCH = YES;
				SDKROOT = iphoneos;
				SWIFT_ACTIVE_COMPILATION_CONDITIONS = DEBUG;
				SWIFT_OPTIMIZATION_LEVEL = "-Onone";
			};
			name = Debug;
		};
		FA9EF8EA2572BBFF00C5F857 /* Release */ = {
			isa = XCBuildConfiguration;
			buildSettings = {
				ALWAYS_SEARCH_USER_PATHS = NO;
				CLANG_ANALYZER_NONNULL = YES;
				CLANG_ANALYZER_NUMBER_OBJECT_CONVERSION = YES_AGGRESSIVE;
				CLANG_CXX_LANGUAGE_STANDARD = "gnu++14";
				CLANG_CXX_LIBRARY = "libc++";
				CLANG_ENABLE_MODULES = YES;
				CLANG_ENABLE_OBJC_ARC = YES;
				CLANG_ENABLE_OBJC_WEAK = YES;
				CLANG_WARN_BLOCK_CAPTURE_AUTORELEASING = YES;
				CLANG_WARN_BOOL_CONVERSION = YES;
				CLANG_WARN_COMMA = YES;
				CLANG_WARN_CONSTANT_CONVERSION = YES;
				CLANG_WARN_DEPRECATED_OBJC_IMPLEMENTATIONS = YES;
				CLANG_WARN_DIRECT_OBJC_ISA_USAGE = YES_ERROR;
				CLANG_WARN_DOCUMENTATION_COMMENTS = YES;
				CLANG_WARN_EMPTY_BODY = YES;
				CLANG_WARN_ENUM_CONVERSION = YES;
				CLANG_WARN_INFINITE_RECURSION = YES;
				CLANG_WARN_INT_CONVERSION = YES;
				CLANG_WARN_NON_LITERAL_NULL_CONVERSION = YES;
				CLANG_WARN_OBJC_IMPLICIT_RETAIN_SELF = YES;
				CLANG_WARN_OBJC_LITERAL_CONVERSION = YES;
				CLANG_WARN_OBJC_ROOT_CLASS = YES_ERROR;
				CLANG_WARN_QUOTED_INCLUDE_IN_FRAMEWORK_HEADER = YES;
				CLANG_WARN_RANGE_LOOP_ANALYSIS = YES;
				CLANG_WARN_STRICT_PROTOTYPES = YES;
				CLANG_WARN_SUSPICIOUS_MOVE = YES;
				CLANG_WARN_UNGUARDED_AVAILABILITY = YES_AGGRESSIVE;
				CLANG_WARN_UNREACHABLE_CODE = YES;
				CLANG_WARN__DUPLICATE_METHOD_MATCH = YES;
				COPY_PHASE_STRIP = NO;
				DEBUG_INFORMATION_FORMAT = "dwarf-with-dsym";
				ENABLE_NS_ASSERTIONS = NO;
				ENABLE_STRICT_OBJC_MSGSEND = YES;
				GCC_C_LANGUAGE_STANDARD = gnu11;
				GCC_NO_COMMON_BLOCKS = YES;
				GCC_WARN_64_TO_32_BIT_CONVERSION = YES;
				GCC_WARN_ABOUT_RETURN_TYPE = YES_ERROR;
				GCC_WARN_UNDECLARED_SELECTOR = YES;
				GCC_WARN_UNINITIALIZED_AUTOS = YES_AGGRESSIVE;
				GCC_WARN_UNUSED_FUNCTION = YES;
				GCC_WARN_UNUSED_VARIABLE = YES;
				IPHONEOS_DEPLOYMENT_TARGET = 14.0;
				MTL_ENABLE_DEBUG_INFO = NO;
				MTL_FAST_MATH = YES;
				SDKROOT = iphoneos;
				SWIFT_COMPILATION_MODE = wholemodule;
				SWIFT_OPTIMIZATION_LEVEL = "-O";
				VALIDATE_PRODUCT = YES;
			};
			name = Release;
		};
		FA9EF8EC2572BBFF00C5F857 /* Debug */ = {
			isa = XCBuildConfiguration;
			buildSettings = {
				ASSETCATALOG_COMPILER_APPICON_NAME = AppIcon;
				ASSETCATALOG_COMPILER_GLOBAL_ACCENT_COLOR_NAME = AccentColor;
				CODE_SIGN_STYLE = Automatic;
				DEVELOPMENT_TEAM = QA57Q29QLB;
				INFOPLIST_FILE = Carpooling/Info.plist;
				LD_RUNPATH_SEARCH_PATHS = (
					"$(inherited)",
					"@executable_path/Frameworks",
				);
				PRODUCT_BUNDLE_IDENTIFIER = com.arslansiddique.collabcandy.Carpooling;
				PRODUCT_NAME = "$(TARGET_NAME)";
				SWIFT_VERSION = 5.0;
				TARGETED_DEVICE_FAMILY = 1;
			};
			name = Debug;
		};
		FA9EF8ED2572BBFF00C5F857 /* Release */ = {
			isa = XCBuildConfiguration;
			buildSettings = {
				ASSETCATALOG_COMPILER_APPICON_NAME = AppIcon;
				ASSETCATALOG_COMPILER_GLOBAL_ACCENT_COLOR_NAME = AccentColor;
				CODE_SIGN_STYLE = Automatic;
				DEVELOPMENT_TEAM = QA57Q29QLB;
				INFOPLIST_FILE = Carpooling/Info.plist;
				LD_RUNPATH_SEARCH_PATHS = (
					"$(inherited)",
					"@executable_path/Frameworks",
				);
				PRODUCT_BUNDLE_IDENTIFIER = com.arslansiddique.collabcandy.Carpooling;
				PRODUCT_NAME = "$(TARGET_NAME)";
				SWIFT_VERSION = 5.0;
				TARGETED_DEVICE_FAMILY = 1;
			};
			name = Release;
		};
/* End XCBuildConfiguration section */

/* Begin XCConfigurationList section */
		FA9EF8D22572BBFE00C5F857 /* Build configuration list for PBXProject "Carpooling" */ = {
			isa = XCConfigurationList;
			buildConfigurations = (
				FA9EF8E92572BBFF00C5F857 /* Debug */,
				FA9EF8EA2572BBFF00C5F857 /* Release */,
			);
			defaultConfigurationIsVisible = 0;
			defaultConfigurationName = Release;
		};
		FA9EF8EB2572BBFF00C5F857 /* Build configuration list for PBXNativeTarget "Carpooling" */ = {
			isa = XCConfigurationList;
			buildConfigurations = (
				FA9EF8EC2572BBFF00C5F857 /* Debug */,
				FA9EF8ED2572BBFF00C5F857 /* Release */,
			);
			defaultConfigurationIsVisible = 0;
			defaultConfigurationName = Release;
		};
/* End XCConfigurationList section */
	};
	rootObject = FA9EF8CF2572BBFE00C5F857 /* Project object */;
}
